Microsoft Visual Studio Solution File, Format Version 12.00
# Visual Studio Version 17
VisualStudioVersion = 17.5.2.0
MinimumVisualStudioVersion = 10.0.40219.1
Project("{FAE04EC0-301F-11D3-BF4B-00C04F79EFBC}") = "examen 1", "examen 1.csproj", "{6E64E6AD-7D76-3B65-70B8-0FD08789074C}"
EndProject
Global
	GlobalSection(SolutionConfigurationPlatforms) = preSolution
		Debug|Any CPU = Debug|Any CPU
		Release|Any CPU = Release|Any CPU
	EndGlobalSection
	GlobalSection(ProjectConfigurationPlatforms) = postSolution
		{6E64E6AD-7D76-3B65-70B8-0FD08789074C}.Debug|Any CPU.ActiveCfg = Debug|Any CPU
		{6E64E6AD-7D76-3B65-70B8-0FD08789074C}.Debug|Any CPU.Build.0 = Debug|Any CPU
		{6E64E6AD-7D76-3B65-70B8-0FD08789074C}.Release|Any CPU.ActiveCfg = Release|Any CPU
		{6E64E6AD-7D76-3B65-70B8-0FD08789074C}.Release|Any CPU.Build.0 = Release|Any CPU
	EndGlobalSection
	GlobalSection(SolutionProperties) = preSolution
		HideSolutionNode = FALSE
	EndGlobalSection
	GlobalSection(ExtensibilityGlobals) = postSolution
		SolutionGuid = {9B112A52-CC44-4ABE-9E04-093C09B01E98}
	EndGlobalSection
EndGlobal
